{
  "name": "rajasing-aoa-index-html-lambda",
  "version": "1.0.0",
  "lockfileVersion": 3,
  "requires": true,
  "packages": {
    "": {
      "name": "rajasing-aoa-index-html-lambda",
      "version": "1.0.0",
      "license": "ISC",
      "dependencies": {
        "query-string": "^8.0.3",
        "shopify-api": "^0.2.3",
        "uuid": "^9.0.0"
      }
    },
    "node_modules/class-extend": {
      "version": "0.1.2",
      "resolved": "https://registry.npmjs.org/class-extend/-/class-extend-0.1.2.tgz",
      "integrity": "sha512-qcBj0uCCmK4RAdEgpmzMS2q9+RboTBYgApUICr6dES+hahjEIMrfvZoqvpSSIPN1GPfoA4RV6B43LS7K+kYtbQ==",
      "dependencies": {
        "object-assign": "^2.0.0"
      }
    },
    "node_modules/decode-uri-component": {
      "version": "0.2.2",
      "resolved": "https://registry.npmjs.org/decode-uri-component/-/decode-uri-component-0.2.2.tgz",
      "integrity": "sha512-FqUYQ+8o158GyGTrMFJms9qh3CqTKvAqgqsTnkLI8sKu0028orqBhxNMFkFen0zGyg6epACD32pjVk58ngIErQ==",
      "engines": {
        "node": ">=0.10"
      }
    },
    "node_modules/filter-obj": {
      "version": "5.1.0",
      "resolved": "https://registry.npmjs.org/filter-obj/-/filter-obj-5.1.0.tgz",
      "integrity": "sha512-qWeTREPoT7I0bifpPUXtxkZJ1XJzxWtfoWWkdVGqa+eCr3SHW/Ocp89o8vLvbUuQnadybJpjOKu4V+RwO6sGng==",
      "engines": {
        "node": ">=14.16"
      },
      "funding": {
        "url": "https://github.com/sponsors/sindresorhus"
      }
    },
    "node_modules/lodash._isnative": {
      "version": "2.4.1",
      "resolved": "https://registry.npmjs.org/lodash._isnative/-/lodash._isnative-2.4.1.tgz",
      "integrity": "sha512-BOlKGKNHhCHswGOWtmVb5zBygyxN7EmTuzVOSQI6QSoGhG+kvv71gICFS1TBpnqvT1n53txK8CDK3u5D2/GZxQ=="
    },
    "node_modules/lodash._objecttypes": {
      "version": "2.4.1",
      "resolved": "https://registry.npmjs.org/lodash._objecttypes/-/lodash._objecttypes-2.4.1.tgz",
      "integrity": "sha512-XpqGh1e7hhkOzftBfWE7zt+Yn9mVHFkDhicVttvKLsoCMLVVL+xTQjfjB4X4vtznauxv0QZ5ZAeqjvat0dh62Q=="
    },
    "node_modules/lodash._shimkeys": {
      "version": "2.4.1",
      "resolved": "https://registry.npmjs.org/lodash._shimkeys/-/lodash._shimkeys-2.4.1.tgz",
      "integrity": "sha512-lBrglYxLD/6KAJ8IEa5Lg+YHgNAL7FyKqXg4XOUI+Du/vtniLs1ZqS+yHNKPkK54waAgkdUnDOYaWf+rv4B+AA==",
      "dependencies": {
        "lodash._objecttypes": "~2.4.1"
      }
    },
    "node_modules/lodash.defaults": {
      "version": "2.4.1",
      "resolved": "https://registry.npmjs.org/lodash.defaults/-/lodash.defaults-2.4.1.tgz",
      "integrity": "sha512-5wTIPWwGGr07JFysAZB8+7JB2NjJKXDIwogSaRX5zED85zyUAQwtOqUk8AsJkkigUcL3akbHYXd5+BPtTGQPZw==",
      "dependencies": {
        "lodash._objecttypes": "~2.4.1",
        "lodash.keys": "~2.4.1"
      }
    },
    "node_modules/lodash.isobject": {
      "version": "2.4.1",
      "resolved": "https://registry.npmjs.org/lodash.isobject/-/lodash.isobject-2.4.1.tgz",
      "integrity": "sha512-sTebg2a1PoicYEZXD5PBdQcTlIJ6hUslrlWr7iV0O7n+i4596s2NQ9I5CaZ5FbXSfya/9WQsrYLANUJv9paYVA==",
      "dependencies": {
        "lodash._objecttypes": "~2.4.1"
      }
    },
    "node_modules/lodash.keys": {
      "version": "2.4.1",
      "resolved": "https://registry.npmjs.org/lodash.keys/-/lodash.keys-2.4.1.tgz",
      "integrity": "sha512-ZpJhwvUXHSNL5wYd1RM6CUa2ZuqorG9ngoJ9Ix5Cce+uX7I5O/E06FCJdhSZ33b5dVyeQDnIlWH7B2s5uByZ7g==",
      "dependencies": {
        "lodash._isnative": "~2.4.1",
        "lodash._shimkeys": "~2.4.1",
        "lodash.isobject": "~2.4.1"
      }
    },
    "node_modules/object-assign": {
      "version": "2.1.1",
      "resolved": "https://registry.npmjs.org/object-assign/-/object-assign-2.1.1.tgz",
      "integrity": "sha512-CdsOUYIh5wIiozhJ3rLQgmUTgcyzFwZZrqhkKhODMoGtPKM+wt0h0CNIoauJWMsS9822EdzPsF/6mb4nLvPN5g==",
      "engines": {
        "node": ">=0.10.0"
      }
    },
    "node_modules/query-string": {
      "version": "8.0.3",
      "resolved": "https://registry.npmjs.org/query-string/-/query-string-8.0.3.tgz",
      "integrity": "sha512-RtRwkRFCLPQWz27ETbeqIA9UdaLv2Ps7EiNjIS57BaZyx/gWi4QKq7K4+rYBEHToSo/dvLZ+S1fEOKcacojA/Q==",
      "dependencies": {
        "decode-uri-component": "^0.2.2",
        "filter-obj": "^5.1.0",
        "split-on-first": "^1.0.0"
      },
      "engines": {
        "node": ">=14.16"
      },
      "funding": {
        "url": "https://github.com/sponsors/sindresorhus"
      }
    },
    "node_modules/shopify-api": {
      "version": "0.2.3",
      "resolved": "https://registry.npmjs.org/shopify-api/-/shopify-api-0.2.3.tgz",
      "integrity": "sha512-ar6H4F9eObb5+gm5dA4RMl/B69M1jrkDe6kF80gywekNQS3z1+abGV3tTewDB6DOMOnhhxye8ytRwsLkZFJlBg==",
      "deprecated": "Package no longer supported. Contact Support at https://www.npmjs.com/support for more info.",
      "dependencies": {
        "class-extend": "~0.1.1",
        "lodash.defaults": "~2.4.1",
        "when": "~2.4.0"
      },
      "engines": {
        "node": ">= 0.8.0"
      }
    },
    "node_modules/split-on-first": {
      "version": "1.1.0",
      "resolved": "https://registry.npmjs.org/split-on-first/-/split-on-first-1.1.0.tgz",
      "integrity": "sha512-43ZssAJaMusuKWL8sKUBQXHWOpq8d6CfN/u1p4gUzfJkM05C8rxTmYrkIPTXapZpORA6LkkzcUulJ8FqA7Uudw==",
      "engines": {
        "node": ">=6"
      }
    },
    "node_modules/uuid": {
      "version": "9.0.0",
      "resolved": "https://registry.npmjs.org/uuid/-/uuid-9.0.0.tgz",
      "integrity": "sha512-MXcSTerfPa4uqyzStbRoTgt5XIe3x5+42+q1sDuy3R5MDk66URdLMOZe5aPX/SQd+kuYAh0FdP/pO28IkQyTeg==",
      "bin": {
        "uuid": "dist/bin/uuid"
      }
    },
    "node_modules/when": {
      "version": "2.4.0",
      "resolved": "https://registry.npmjs.org/when/-/when-2.4.0.tgz",
      "integrity": "sha512-tPzHraDk1O2GAqPQh7lYDBP2qgkgznplV+XfcHkRDnE9Hsct5Cgt0Mczc2RIlho/Ml1/Ci3wqAT20QCPgc5anA=="
    }
  }
}
